
Microsoft Visual Studio Solution File, Format Version 12.00
# Visual Studio Version 17
VisualStudioVersion = 17.14.36518.9 d17.14
MinimumVisualStudioVersion = 10.0.40219.1
Project("{FAE04EC0-301F-11D3-BF4B-00C04F79EFBC}") = "Laborator2", "Laborator2\Laborator2.csproj", "{1E57159E-E4FC-4134-ABB8-BB359F87A01E}"
EndProject
Global
	GlobalSection(SolutionConfigurationPlatforms) = preSolution
		Debug|Any CPU = Debug|Any CPU
		Release|Any CPU = Release|Any CPU
	EndGlobalSection
	GlobalSection(ProjectConfigurationPlatforms) = postSolution
		{1E57159E-E4FC-4134-ABB8-BB359F87A01E}.Debug|Any CPU.ActiveCfg = Debug|Any CPU
		{1E57159E-E4FC-4134-ABB8-BB359F87A01E}.Debug|Any CPU.Build.0 = Debug|Any CPU
		{1E57159E-E4FC-4134-ABB8-BB359F87A01E}.Release|Any CPU.ActiveCfg = Release|Any CPU
		{1E57159E-E4FC-4134-ABB8-BB359F87A01E}.Release|Any CPU.Build.0 = Release|Any CPU
	EndGlobalSection
	GlobalSection(SolutionProperties) = preSolution
		HideSolutionNode = FALSE
	EndGlobalSection
	GlobalSection(ExtensibilityGlobals) = postSolution
		SolutionGuid = {014E5028-729D-4871-A030-78F1279BA76D}
	EndGlobalSection
EndGlobal
