
Microsoft Visual Studio Solution File, Format Version 12.00
# Visual Studio Version 17
VisualStudioVersion = 17.14.36518.9 d17.14
MinimumVisualStudioVersion = 10.0.40219.1
Project("{FAE04EC0-301F-11D3-BF4B-00C04F79EFBC}") = "Laborator11RESTAPI", "Laborator11RESTAPI\Laborator11RESTAPI.csproj", "{8235A5F2-7FC7-401E-ACFE-A07758ED80B0}"
EndProject
Global
	GlobalSection(SolutionConfigurationPlatforms) = preSolution
		Debug|Any CPU = Debug|Any CPU
		Release|Any CPU = Release|Any CPU
	EndGlobalSection
	GlobalSection(ProjectConfigurationPlatforms) = postSolution
		{8235A5F2-7FC7-401E-ACFE-A07758ED80B0}.Debug|Any CPU.ActiveCfg = Debug|Any CPU
		{8235A5F2-7FC7-401E-ACFE-A07758ED80B0}.Debug|Any CPU.Build.0 = Debug|Any CPU
		{8235A5F2-7FC7-401E-ACFE-A07758ED80B0}.Release|Any CPU.ActiveCfg = Release|Any CPU
		{8235A5F2-7FC7-401E-ACFE-A07758ED80B0}.Release|Any CPU.Build.0 = Release|Any CPU
	EndGlobalSection
	GlobalSection(SolutionProperties) = preSolution
		HideSolutionNode = FALSE
	EndGlobalSection
	GlobalSection(ExtensibilityGlobals) = postSolution
		SolutionGuid = {A96678B7-0E35-4949-A4B9-206DAF35678E}
	EndGlobalSection
EndGlobal
